
Microsoft Visual Studio Solution File, Format Version 12.00
# Visual Studio Version 16
VisualStudioVersion = 16.0.29009.5
MinimumVisualStudioVersion = 10.0.40219.1
Project("{FAE04EC0-301F-11D3-BF4B-00C04F79EFBC}") = "SteamTopSellersLocator", "SteamTopSellersLocator.csproj", "{99909ADA-411F-4438-9964-AF68AA6A98DA}"
EndProject
Global
	GlobalSection(SolutionConfigurationPlatforms) = preSolution
		Debug|Any CPU = Debug|Any CPU
		Release|Any CPU = Release|Any CPU
	EndGlobalSection
	GlobalSection(ProjectConfigurationPlatforms) = postSolution
		{99909ADA-411F-4438-9964-AF68AA6A98DA}.Debug|Any CPU.ActiveCfg = Debug|Any CPU
		{99909ADA-411F-4438-9964-AF68AA6A98DA}.Debug|Any CPU.Build.0 = Debug|Any CPU
		{99909ADA-411F-4438-9964-AF68AA6A98DA}.Release|Any CPU.ActiveCfg = Release|Any CPU
		{99909ADA-411F-4438-9964-AF68AA6A98DA}.Release|Any CPU.Build.0 = Release|Any CPU
	EndGlobalSection
	GlobalSection(SolutionProperties) = preSolution
		HideSolutionNode = FALSE
	EndGlobalSection
	GlobalSection(ExtensibilityGlobals) = postSolution
		SolutionGuid = {FA5BC4E9-06F4-455C-B9E5-417959383DB2}
	EndGlobalSection
EndGlobal
